
Microsoft Visual Studio Solution File, Format Version 12.00
# Visual Studio Version 17
VisualStudioVersion = 17.3.32929.385
MinimumVisualStudioVersion = 10.0.40219.1
Project("{FAE04EC0-301F-11D3-BF4B-00C04F79EFBC}") = "ForbedrelseITS3Eksamen", "ForbedrelseITS3Eksamen\ForbedrelseITS3Eksamen.csproj", "{C79E7DB3-8284-41CF-91E9-319EDF4BB68C}"
EndProject
Project("{FAE04EC0-301F-11D3-BF4B-00C04F79EFBC}") = "ForbedrelseITS3EksamenLibrary", "ForbedrelseITS3EksamenLibrary\ForbedrelseITS3EksamenLibrary.csproj", "{2CD00324-4C99-4C01-8EF7-51B73788FE3E}"
EndProject
Project("{FAE04EC0-301F-11D3-BF4B-00C04F79EFBC}") = "ForbedrelseITS3EksamenNunit", "ForbedrelseITS3EksamenNunit\ForbedrelseITS3EksamenNunit.csproj", "{CADFD285-8728-48FF-A518-9323EA7E0EA5}"
EndProject
Global
	GlobalSection(SolutionConfigurationPlatforms) = preSolution
		Debug|Any CPU = Debug|Any CPU
		Release|Any CPU = Release|Any CPU
	EndGlobalSection
	GlobalSection(ProjectConfigurationPlatforms) = postSolution
		{C79E7DB3-8284-41CF-91E9-319EDF4BB68C}.Debug|Any CPU.ActiveCfg = Debug|Any CPU
		{C79E7DB3-8284-41CF-91E9-319EDF4BB68C}.Debug|Any CPU.Build.0 = Debug|Any CPU
		{C79E7DB3-8284-41CF-91E9-319EDF4BB68C}.Release|Any CPU.ActiveCfg = Release|Any CPU
		{C79E7DB3-8284-41CF-91E9-319EDF4BB68C}.Release|Any CPU.Build.0 = Release|Any CPU
		{2CD00324-4C99-4C01-8EF7-51B73788FE3E}.Debug|Any CPU.ActiveCfg = Debug|Any CPU
		{2CD00324-4C99-4C01-8EF7-51B73788FE3E}.Debug|Any CPU.Build.0 = Debug|Any CPU
		{2CD00324-4C99-4C01-8EF7-51B73788FE3E}.Release|Any CPU.ActiveCfg = Release|Any CPU
		{2CD00324-4C99-4C01-8EF7-51B73788FE3E}.Release|Any CPU.Build.0 = Release|Any CPU
		{CADFD285-8728-48FF-A518-9323EA7E0EA5}.Debug|Any CPU.ActiveCfg = Debug|Any CPU
		{CADFD285-8728-48FF-A518-9323EA7E0EA5}.Debug|Any CPU.Build.0 = Debug|Any CPU
		{CADFD285-8728-48FF-A518-9323EA7E0EA5}.Release|Any CPU.ActiveCfg = Release|Any CPU
		{CADFD285-8728-48FF-A518-9323EA7E0EA5}.Release|Any CPU.Build.0 = Release|Any CPU
	EndGlobalSection
	GlobalSection(SolutionProperties) = preSolution
		HideSolutionNode = FALSE
	EndGlobalSection
	GlobalSection(ExtensibilityGlobals) = postSolution
		SolutionGuid = {B9027C81-C7E2-48F7-8FCB-DEA7468DBCE6}
	EndGlobalSection
EndGlobal
